// !$*UTF8*$!
{
	archiveVersion = 1;
	classes = {
	};
	objectVersion = 51;
	objects = {

/* Begin PBXBuildFile section */
		01E0BDB87C561158908B200F /* Pods_SendTreePayTests.framework in Frameworks */ = {isa = PBXBuildFile; fileRef = 837C2715753E0AD6E32FF79A /* Pods_SendTreePayTests.framework */; };
		491FE7112487E4F00063852A /* ViewModelType.swift in Sources */ = {isa = PBXBuildFile; fileRef = 491FE7102487E4F00063852A /* ViewModelType.swift */; };
		491FE7132487E5D80063852A /* CountryViewModel.swift in Sources */ = {isa = PBXBuildFile; fileRef = 491FE7122487E5D80063852A /* CountryViewModel.swift */; };
		491FE8F2248804B00063852A /* RxSwift+Operators.swift in Sources */ = {isa = PBXBuildFile; fileRef = 491FE8F1248804B00063852A /* RxSwift+Operators.swift */; };
		491FE8F4248806E80063852A /* County.swift in Sources */ = {isa = PBXBuildFile; fileRef = 491FE8F3248806E70063852A /* County.swift */; };
		493A568B2480DB9E005983E1 /* AppDelegate.swift in Sources */ = {isa = PBXBuildFile; fileRef = 493A568A2480DB9E005983E1 /* AppDelegate.swift */; };
		493A568D2480DB9E005983E1 /* SceneDelegate.swift in Sources */ = {isa = PBXBuildFile; fileRef = 493A568C2480DB9E005983E1 /* SceneDelegate.swift */; };
		493A568F2480DB9E005983E1 /* ViewController.swift in Sources */ = {isa = PBXBuildFile; fileRef = 493A568E2480DB9E005983E1 /* ViewController.swift */; };
		493A56942480DBA1005983E1 /* Assets.xcassets in Resources */ = {isa = PBXBuildFile; fileRef = 493A56932480DBA1005983E1 /* Assets.xcassets */; };
		493A56972480DBA1005983E1 /* LaunchScreen.storyboard in Resources */ = {isa = PBXBuildFile; fileRef = 493A56952480DBA1005983E1 /* LaunchScreen.storyboard */; };
		493A56A22480DBA1005983E1 /* SendTreePayTests.swift in Sources */ = {isa = PBXBuildFile; fileRef = 493A56A12480DBA1005983E1 /* SendTreePayTests.swift */; };
		493A56D02480E2C6005983E1 /* APIManager.swift in Sources */ = {isa = PBXBuildFile; fileRef = 493A56CF2480E2C6005983E1 /* APIManager.swift */; };
		493A56D22480EA5C005983E1 /* APIType.swift in Sources */ = {isa = PBXBuildFile; fileRef = 493A56D12480EA5C005983E1 /* APIType.swift */; };
		493A56D42480EFC7005983E1 /* APIManager+Mask.swift in Sources */ = {isa = PBXBuildFile; fileRef = 493A56D32480EFC7005983E1 /* APIManager+Mask.swift */; };
		493A56D92480F29D005983E1 /* Pharmacy.swift in Sources */ = {isa = PBXBuildFile; fileRef = 493A56D82480F29D005983E1 /* Pharmacy.swift */; };
		BFE1BD24B401ED52152CDC88 /* Pods_SendTreePay.framework in Frameworks */ = {isa = PBXBuildFile; fileRef = 1E24DD785165BAFBE3F18D98 /* Pods_SendTreePay.framework */; };
/* End PBXBuildFile section */

/* Begin PBXContainerItemProxy section */
		493A569E2480DBA1005983E1 /* PBXContainerItemProxy */ = {
			isa = PBXContainerItemProxy;
			containerPortal = 493A567F2480DB9E005983E1 /* Project object */;
			proxyType = 1;
			remoteGlobalIDString = 493A56862480DB9E005983E1;
			remoteInfo = SendTreePay;
		};
/* End PBXContainerItemProxy section */

/* Begin PBXFileReference section */
		1E24DD785165BAFBE3F18D98 /* Pods_SendTreePay.framework */ = {isa = PBXFileReference; explicitFileType = wrapper.framework; includeInIndex = 0; path = Pods_SendTreePay.framework; sourceTree = BUILT_PRODUCTS_DIR; };
		491FE7102487E4F00063852A /* ViewModelType.swift */ = {isa = PBXFileReference; lastKnownFileType = sourcecode.swift; path = ViewModelType.swift; sourceTree = "<group>"; };
		491FE7122487E5D80063852A /* CountryViewModel.swift */ = {isa = PBXFileReference; lastKnownFileType = sourcecode.swift; path = CountryViewModel.swift; sourceTree = "<group>"; };
		491FE8F1248804B00063852A /* RxSwift+Operators.swift */ = {isa = PBXFileReference; lastKnownFileType = sourcecode.swift; path = "RxSwift+Operators.swift"; sourceTree = "<group>"; };
		491FE8F3248806E70063852A /* County.swift */ = {isa = PBXFileReference; lastKnownFileType = sourcecode.swift; path = County.swift; sourceTree = "<group>"; };
		493A56872480DB9E005983E1 /* SendTreePay.app */ = {isa = PBXFileReference; explicitFileType = wrapper.application; includeInIndex = 0; path = SendTreePay.app; sourceTree = BUILT_PRODUCTS_DIR; };
		493A568A2480DB9E005983E1 /* AppDelegate.swift */ = {isa = PBXFileReference; lastKnownFileType = sourcecode.swift; path = AppDelegate.swift; sourceTree = "<group>"; };
		493A568C2480DB9E005983E1 /* SceneDelegate.swift */ = {isa = PBXFileReference; lastKnownFileType = sourcecode.swift; path = SceneDelegate.swift; sourceTree = "<group>"; };
		493A568E2480DB9E005983E1 /* ViewController.swift */ = {isa = PBXFileReference; lastKnownFileType = sourcecode.swift; path = ViewController.swift; sourceTree = "<group>"; };
		493A56932480DBA1005983E1 /* Assets.xcassets */ = {isa = PBXFileReference; lastKnownFileType = folder.assetcatalog; path = Assets.xcassets; sourceTree = "<group>"; };
		493A56962480DBA1005983E1 /* Base */ = {isa = PBXFileReference; lastKnownFileType = file.storyboard; name = Base; path = Base.lproj/LaunchScreen.storyboard; sourceTree = "<group>"; };
		493A56982480DBA1005983E1 /* Info.plist */ = {isa = PBXFileReference; lastKnownFileType = text.plist.xml; path = Info.plist; sourceTree = "<group>"; };
		493A569D2480DBA1005983E1 /* SendTreePayTests.xctest */ = {isa = PBXFileReference; explicitFileType = wrapper.cfbundle; includeInIndex = 0; path = SendTreePayTests.xctest; sourceTree = BUILT_PRODUCTS_DIR; };
		493A56A12480DBA1005983E1 /* SendTreePayTests.swift */ = {isa = PBXFileReference; lastKnownFileType = sourcecode.swift; path = SendTreePayTests.swift; sourceTree = "<group>"; };
		493A56A32480DBA1005983E1 /* Info.plist */ = {isa = PBXFileReference; lastKnownFileType = text.plist.xml; path = Info.plist; sourceTree = "<group>"; };
		493A56CF2480E2C6005983E1 /* APIManager.swift */ = {isa = PBXFileReference; lastKnownFileType = sourcecode.swift; path = APIManager.swift; sourceTree = "<group>"; };
		493A56D12480EA5C005983E1 /* APIType.swift */ = {isa = PBXFileReference; lastKnownFileType = sourcecode.swift; path = APIType.swift; sourceTree = "<group>"; };
		493A56D32480EFC7005983E1 /* APIManager+Mask.swift */ = {isa = PBXFileReference; lastKnownFileType = sourcecode.swift; path = "APIManager+Mask.swift"; sourceTree = "<group>"; };
		493A56D82480F29D005983E1 /* Pharmacy.swift */ = {isa = PBXFileReference; lastKnownFileType = sourcecode.swift; path = Pharmacy.swift; sourceTree = "<group>"; };
		57C14EE0B546D3CE4DF57B04 /* Pods-SendTreePayTests.release.xcconfig */ = {isa = PBXFileReference; includeInIndex = 1; lastKnownFileType = text.xcconfig; name = "Pods-SendTreePayTests.release.xcconfig"; path = "Target Support Files/Pods-SendTreePayTests/Pods-SendTreePayTests.release.xcconfig"; sourceTree = "<group>"; };
		7DEEB37D560183658B33ECBB /* Pods-SendTreePay.debug.xcconfig */ = {isa = PBXFileReference; includeInIndex = 1; lastKnownFileType = text.xcconfig; name = "Pods-SendTreePay.debug.xcconfig"; path = "Target Support Files/Pods-SendTreePay/Pods-SendTreePay.debug.xcconfig"; sourceTree = "<group>"; };
		837C2715753E0AD6E32FF79A /* Pods_SendTreePayTests.framework */ = {isa = PBXFileReference; explicitFileType = wrapper.framework; includeInIndex = 0; path = Pods_SendTreePayTests.framework; sourceTree = BUILT_PRODUCTS_DIR; };
		C1D1ADFE1A6A817B39C3A799 /* Pods-SendTreePayTests.debug.xcconfig */ = {isa = PBXFileReference; includeInIndex = 1; lastKnownFileType = text.xcconfig; name = "Pods-SendTreePayTests.debug.xcconfig"; path = "Target Support Files/Pods-SendTreePayTests/Pods-SendTreePayTests.debug.xcconfig"; sourceTree = "<group>"; };
		E09E1AC7431F547542CEF882 /* Pods-SendTreePay.release.xcconfig */ = {isa = PBXFileReference; includeInIndex = 1; lastKnownFileType = text.xcconfig; name = "Pods-SendTreePay.release.xcconfig"; path = "Target Support Files/Pods-SendTreePay/Pods-SendTreePay.release.xcconfig"; sourceTree = "<group>"; };
/* End PBXFileReference section */

/* Begin PBXFrameworksBuildPhase section */
		493A56842480DB9E005983E1 /* Frameworks */ = {
			isa = PBXFrameworksBuildPhase;
			buildActionMask = 2147483647;
			files = (
				BFE1BD24B401ED52152CDC88 /* Pods_SendTreePay.framework in Frameworks */,
			);
			runOnlyForDeploymentPostprocessing = 0;
		};
		493A569A2480DBA1005983E1 /* Frameworks */ = {
			isa = PBXFrameworksBuildPhase;
			buildActionMask = 2147483647;
			files = (
				01E0BDB87C561158908B200F /* Pods_SendTreePayTests.framework in Frameworks */,
			);
			runOnlyForDeploymentPostprocessing = 0;
		};
/* End PBXFrameworksBuildPhase section */

/* Begin PBXGroup section */
		491FE70F2487E4CE0063852A /* ViewModel */ = {
			isa = PBXGroup;
			children = (
				491FE7102487E4F00063852A /* ViewModelType.swift */,
				491FE7122487E5D80063852A /* CountryViewModel.swift */,
			);
			path = ViewModel;
			sourceTree = "<group>";
		};
		491FE8F0248804780063852A /* Extensions */ = {
			isa = PBXGroup;
			children = (
				491FE8F1248804B00063852A /* RxSwift+Operators.swift */,
			);
			path = Extensions;
			sourceTree = "<group>";
		};
		493A567E2480DB9E005983E1 = {
			isa = PBXGroup;
			children = (
				493A56892480DB9E005983E1 /* SendTreePay */,
				493A56A02480DBA1005983E1 /* SendTreePayTests */,
				493A56882480DB9E005983E1 /* Products */,
				A86DB31955BC02446863051A /* Pods */,
				CD40EEA18E7525D1356F8DE4 /* Frameworks */,
			);
			sourceTree = "<group>";
		};
		493A56882480DB9E005983E1 /* Products */ = {
			isa = PBXGroup;
			children = (
				493A56872480DB9E005983E1 /* SendTreePay.app */,
				493A569D2480DBA1005983E1 /* SendTreePayTests.xctest */,
			);
			name = Products;
			sourceTree = "<group>";
		};
		493A56892480DB9E005983E1 /* SendTreePay */ = {
			isa = PBXGroup;
			children = (
				491FE8F0248804780063852A /* Extensions */,
				491FE70F2487E4CE0063852A /* ViewModel */,
				493A56D72480F21A005983E1 /* Model */,
				493A56FB24810F9C005983E1 /* ViewControllers */,
				493A56CB2480E273005983E1 /* Networking */,
				493A56CA2480E152005983E1 /* Supporting Files */,
				493A568A2480DB9E005983E1 /* AppDelegate.swift */,
				493A568C2480DB9E005983E1 /* SceneDelegate.swift */,
				493A56932480DBA1005983E1 /* Assets.xcassets */,
				493A56952480DBA1005983E1 /* LaunchScreen.storyboard */,
			);
			path = SendTreePay;
			sourceTree = "<group>";
		};
		493A56A02480DBA1005983E1 /* SendTreePayTests */ = {
			isa = PBXGroup;
			children = (
				493A56A12480DBA1005983E1 /* SendTreePayTests.swift */,
				493A56A32480DBA1005983E1 /* Info.plist */,
			);
			path = SendTreePayTests;
			sourceTree = "<group>";
		};
		493A56CA2480E152005983E1 /* Supporting Files */ = {
			isa = PBXGroup;
			children = (
				493A56DC24810BF0005983E1 /* Plists */,
			);
			path = "Supporting Files";
			sourceTree = "<group>";
		};
		493A56CB2480E273005983E1 /* Networking */ = {
			isa = PBXGroup;
			children = (
				493A56CD2480E29B005983E1 /* Manager */,
				493A56CC2480E28C005983E1 /* API */,
			);
			path = Networking;
			sourceTree = "<group>";
		};
		493A56CC2480E28C005983E1 /* API */ = {
			isa = PBXGroup;
			children = (
				493A56D32480EFC7005983E1 /* APIManager+Mask.swift */,
			);
			path = API;
			sourceTree = "<group>";
		};
		493A56CD2480E29B005983E1 /* Manager */ = {
			isa = PBXGroup;
			children = (
				493A56CF2480E2C6005983E1 /* APIManager.swift */,
				493A56D12480EA5C005983E1 /* APIType.swift */,
			);
			path = Manager;
			sourceTree = "<group>";
		};
		493A56D72480F21A005983E1 /* Model */ = {
			isa = PBXGroup;
			children = (
				493A56D82480F29D005983E1 /* Pharmacy.swift */,
				491FE8F3248806E70063852A /* County.swift */,
			);
			path = Model;
			sourceTree = "<group>";
		};
		493A56DC24810BF0005983E1 /* Plists */ = {
			isa = PBXGroup;
			children = (
				493A56982480DBA1005983E1 /* Info.plist */,
			);
			path = Plists;
			sourceTree = "<group>";
		};
		493A56FB24810F9C005983E1 /* ViewControllers */ = {
			isa = PBXGroup;
			children = (
				493A568E2480DB9E005983E1 /* ViewController.swift */,
			);
			path = ViewControllers;
			sourceTree = "<group>";
		};
		A86DB31955BC02446863051A /* Pods */ = {
			isa = PBXGroup;
			children = (
				7DEEB37D560183658B33ECBB /* Pods-SendTreePay.debug.xcconfig */,
				E09E1AC7431F547542CEF882 /* Pods-SendTreePay.release.xcconfig */,
				C1D1ADFE1A6A817B39C3A799 /* Pods-SendTreePayTests.debug.xcconfig */,
				57C14EE0B546D3CE4DF57B04 /* Pods-SendTreePayTests.release.xcconfig */,
			);
			path = Pods;
			sourceTree = "<group>";
		};
		CD40EEA18E7525D1356F8DE4 /* Frameworks */ = {
			isa = PBXGroup;
			children = (
				1E24DD785165BAFBE3F18D98 /* Pods_SendTreePay.framework */,
				837C2715753E0AD6E32FF79A /* Pods_SendTreePayTests.framework */,
			);
			name = Frameworks;
			sourceTree = "<group>";
		};
/* End PBXGroup section */

/* Begin PBXNativeTarget section */
		493A56862480DB9E005983E1 /* SendTreePay */ = {
			isa = PBXNativeTarget;
			buildConfigurationList = 493A56A62480DBA1005983E1 /* Build configuration list for PBXNativeTarget "SendTreePay" */;
			buildPhases = (
				2B4C89649EF8E66B8C98A8F2 /* [CP] Check Pods Manifest.lock */,
				493A56832480DB9E005983E1 /* Sources */,
				493A56842480DB9E005983E1 /* Frameworks */,
				493A56852480DB9E005983E1 /* Resources */,
				D2DCB93BFB9889DF4EE065DD /* [CP] Embed Pods Frameworks */,
			);
			buildRules = (
			);
			dependencies = (
			);
			name = SendTreePay;
			productName = SendTreePay;
			productReference = 493A56872480DB9E005983E1 /* SendTreePay.app */;
			productType = "com.apple.product-type.application";
		};
		493A569C2480DBA1005983E1 /* SendTreePayTests */ = {
			isa = PBXNativeTarget;
			buildConfigurationList = 493A56A92480DBA1005983E1 /* Build configuration list for PBXNativeTarget "SendTreePayTests" */;
			buildPhases = (
				6B43CCF46B4091085C339A37 /* [CP] Check Pods Manifest.lock */,
				493A56992480DBA1005983E1 /* Sources */,
				493A569A2480DBA1005983E1 /* Frameworks */,
				493A569B2480DBA1005983E1 /* Resources */,
			);
			buildRules = (
			);
			dependencies = (
				493A569F2480DBA1005983E1 /* PBXTargetDependency */,
			);
			name = SendTreePayTests;
			productName = SendTreePayTests;
			productReference = 493A569D2480DBA1005983E1 /* SendTreePayTests.xctest */;
			productType = "com.apple.product-type.bundle.unit-test";
		};
/* End PBXNativeTarget section */

/* Begin PBXProject section */
		493A567F2480DB9E005983E1 /* Project object */ = {
			isa = PBXProject;
			attributes = {
				LastSwiftUpdateCheck = 1140;
				LastUpgradeCheck = 1140;
				ORGANIZATIONNAME = "SUNG HAO LIN";
				TargetAttributes = {
					493A56862480DB9E005983E1 = {
						CreatedOnToolsVersion = 11.4;
					};
					493A569C2480DBA1005983E1 = {
						CreatedOnToolsVersion = 11.4;
						TestTargetID = 493A56862480DB9E005983E1;
					};
				};
			};
			buildConfigurationList = 493A56822480DB9E005983E1 /* Build configuration list for PBXProject "SendTreePay" */;
			compatibilityVersion = "Xcode 9.3";
			developmentRegion = en;
			hasScannedForEncodings = 0;
			knownRegions = (
				en,
				Base,
			);
			mainGroup = 493A567E2480DB9E005983E1;
			productRefGroup = 493A56882480DB9E005983E1 /* Products */;
			projectDirPath = "";
			projectRoot = "";
			targets = (
				493A56862480DB9E005983E1 /* SendTreePay */,
				493A569C2480DBA1005983E1 /* SendTreePayTests */,
			);
		};
/* End PBXProject section */

/* Begin PBXResourcesBuildPhase section */
		493A56852480DB9E005983E1 /* Resources */ = {
			isa = PBXResourcesBuildPhase;
			buildActionMask = 2147483647;
			files = (
				493A56972480DBA1005983E1 /* LaunchScreen.storyboard in Resources */,
				493A56942480DBA1005983E1 /* Assets.xcassets in Resources */,
			);
			runOnlyForDeploymentPostprocessing = 0;
		};
		493A569B2480DBA1005983E1 /* Resources */ = {
			isa = PBXResourcesBuildPhase;
			buildActionMask = 2147483647;
			files = (
			);
			runOnlyForDeploymentPostprocessing = 0;
		};
/* End PBXResourcesBuildPhase section */

/* Begin PBXShellScriptBuildPhase section */
		2B4C89649EF8E66B8C98A8F2 /* [CP] Check Pods Manifest.lock */ = {
			isa = PBXShellScriptBuildPhase;
			buildActionMask = 2147483647;
			files = (
			);
			inputFileListPaths = (
			);
			inputPaths = (
				"${PODS_PODFILE_DIR_PATH}/Podfile.lock",
				"${PODS_ROOT}/Manifest.lock",
			);
			name = "[CP] Check Pods Manifest.lock";
			outputFileListPaths = (
			);
			outputPaths = (
				"$(DERIVED_FILE_DIR)/Pods-SendTreePay-checkManifestLockResult.txt",
			);
			runOnlyForDeploymentPostprocessing = 0;
			shellPath = /bin/sh;
			shellScript = "diff \"${PODS_PODFILE_DIR_PATH}/Podfile.lock\" \"${PODS_ROOT}/Manifest.lock\" > /dev/null\nif [ $? != 0 ] ; then\n    # print error to STDERR\n    echo \"error: The sandbox is not in sync with the Podfile.lock. Run 'pod install' or update your CocoaPods installation.\" >&2\n    exit 1\nfi\n# This output is used by Xcode 'outputs' to avoid re-running this script phase.\necho \"SUCCESS\" > \"${SCRIPT_OUTPUT_FILE_0}\"\n";
			showEnvVarsInLog = 0;
		};
		6B43CCF46B4091085C339A37 /* [CP] Check Pods Manifest.lock */ = {
			isa = PBXShellScriptBuildPhase;
			buildActionMask = 2147483647;
			files = (
			);
			inputFileListPaths = (
			);
			inputPaths = (
				"${PODS_PODFILE_DIR_PATH}/Podfile.lock",
				"${PODS_ROOT}/Manifest.lock",
			);
			name = "[CP] Check Pods Manifest.lock";
			outputFileListPaths = (
			);
			outputPaths = (
				"$(DERIVED_FILE_DIR)/Pods-SendTreePayTests-checkManifestLockResult.txt",
			);
			runOnlyForDeploymentPostprocessing = 0;
			shellPath = /bin/sh;
			shellScript = "diff \"${PODS_PODFILE_DIR_PATH}/Podfile.lock\" \"${PODS_ROOT}/Manifest.lock\" > /dev/null\nif [ $? != 0 ] ; then\n    # print error to STDERR\n    echo \"error: The sandbox is not in sync with the Podfile.lock. Run 'pod install' or update your CocoaPods installation.\" >&2\n    exit 1\nfi\n# This output is used by Xcode 'outputs' to avoid re-running this script phase.\necho \"SUCCESS\" > \"${SCRIPT_OUTPUT_FILE_0}\"\n";
			showEnvVarsInLog = 0;
		};
		D2DCB93BFB9889DF4EE065DD /* [CP] Embed Pods Frameworks */ = {
			isa = PBXShellScriptBuildPhase;
			buildActionMask = 2147483647;
			files = (
			);
			inputFileListPaths = (
				"${PODS_ROOT}/Target Support Files/Pods-SendTreePay/Pods-SendTreePay-frameworks-${CONFIGURATION}-input-files.xcfilelist",
			);
			name = "[CP] Embed Pods Frameworks";
			outputFileListPaths = (
				"${PODS_ROOT}/Target Support Files/Pods-SendTreePay/Pods-SendTreePay-frameworks-${CONFIGURATION}-output-files.xcfilelist",
			);
			runOnlyForDeploymentPostprocessing = 0;
			shellPath = /bin/sh;
			shellScript = "\"${PODS_ROOT}/Target Support Files/Pods-SendTreePay/Pods-SendTreePay-frameworks.sh\"\n";
			showEnvVarsInLog = 0;
		};
/* End PBXShellScriptBuildPhase section */

/* Begin PBXSourcesBuildPhase section */
		493A56832480DB9E005983E1 /* Sources */ = {
			isa = PBXSourcesBuildPhase;
			buildActionMask = 2147483647;
			files = (
				493A56D42480EFC7005983E1 /* APIManager+Mask.swift in Sources */,
				491FE8F4248806E80063852A /* County.swift in Sources */,
				493A56D92480F29D005983E1 /* Pharmacy.swift in Sources */,
				493A56D02480E2C6005983E1 /* APIManager.swift in Sources */,
				491FE7132487E5D80063852A /* CountryViewModel.swift in Sources */,
				493A568F2480DB9E005983E1 /* ViewController.swift in Sources */,
				491FE7112487E4F00063852A /* ViewModelType.swift in Sources */,
				493A568B2480DB9E005983E1 /* AppDelegate.swift in Sources */,
				491FE8F2248804B00063852A /* RxSwift+Operators.swift in Sources */,
				493A568D2480DB9E005983E1 /* SceneDelegate.swift in Sources */,
				493A56D22480EA5C005983E1 /* APIType.swift in Sources */,
			);
			runOnlyForDeploymentPostprocessing = 0;
		};
		493A56992480DBA1005983E1 /* Sources */ = {
			isa = PBXSourcesBuildPhase;
			buildActionMask = 2147483647;
			files = (
				493A56A22480DBA1005983E1 /* SendTreePayTests.swift in Sources */,
			);
			runOnlyForDeploymentPostprocessing = 0;
		};
/* End PBXSourcesBuildPhase section */

/* Begin PBXTargetDependency section */
		493A569F2480DBA1005983E1 /* PBXTargetDependency */ = {
			isa = PBXTargetDependency;
			target = 493A56862480DB9E005983E1 /* SendTreePay */;
			targetProxy = 493A569E2480DBA1005983E1 /* PBXContainerItemProxy */;
		};
/* End PBXTargetDependency section */

/* Begin PBXVariantGroup section */
		493A56952480DBA1005983E1 /* LaunchScreen.storyboard */ = {
			isa = PBXVariantGroup;
			children = (
				493A56962480DBA1005983E1 /* Base */,
			);
			name = LaunchScreen.storyboard;
			sourceTree = "<group>";
		};
/* End PBXVariantGroup section */

/* Begin XCBuildConfiguration section */
		493A56A42480DBA1005983E1 /* Debug */ = {
			isa = XCBuildConfiguration;
			buildSettings = {
				ALWAYS_SEARCH_USER_PATHS = NO;
				CLANG_ANALYZER_NONNULL = YES;
				CLANG_ANALYZER_NUMBER_OBJECT_CONVERSION = YES_AGGRESSIVE;
				CLANG_CXX_LANGUAGE_STANDARD = "gnu++14";
				CLANG_CXX_LIBRARY = "libc++";
				CLANG_ENABLE_MODULES = YES;
				CLANG_ENABLE_OBJC_ARC = YES;
				CLANG_ENABLE_OBJC_WEAK = YES;
				CLANG_WARN_BLOCK_CAPTURE_AUTORELEASING = YES;
				CLANG_WARN_BOOL_CONVERSION = YES;
				CLANG_WARN_COMMA = YES;
				CLANG_WARN_CONSTANT_CONVERSION = YES;
				CLANG_WARN_DEPRECATED_OBJC_IMPLEMENTATIONS = YES;
				CLANG_WARN_DIRECT_OBJC_ISA_USAGE = YES_ERROR;
				CLANG_WARN_DOCUMENTATION_COMMENTS = YES;
				CLANG_WARN_EMPTY_BODY = YES;
				CLANG_WARN_ENUM_CONVERSION = YES;
				CLANG_WARN_INFINITE_RECURSION = YES;
				CLANG_WARN_INT_CONVERSION = YES;
				CLANG_WARN_NON_LITERAL_NULL_CONVERSION = YES;
				CLANG_WARN_OBJC_IMPLICIT_RETAIN_SELF = YES;
				CLANG_WARN_OBJC_LITERAL_CONVERSION = YES;
				CLANG_WARN_OBJC_ROOT_CLASS = YES_ERROR;
				CLANG_WARN_RANGE_LOOP_ANALYSIS = YES;
				CLANG_WARN_STRICT_PROTOTYPES = YES;
				CLANG_WARN_SUSPICIOUS_MOVE = YES;
				CLANG_WARN_UNGUARDED_AVAILABILITY = YES_AGGRESSIVE;
				CLANG_WARN_UNREACHABLE_CODE = YES;
				CLANG_WARN__DUPLICATE_METHOD_MATCH = YES;
				COPY_PHASE_STRIP = NO;
				DEBUG_INFORMATION_FORMAT = dwarf;
				ENABLE_STRICT_OBJC_MSGSEND = YES;
				ENABLE_TESTABILITY = YES;
				GCC_C_LANGUAGE_STANDARD = gnu11;
				GCC_DYNAMIC_NO_PIC = NO;
				GCC_NO_COMMON_BLOCKS = YES;
				GCC_OPTIMIZATION_LEVEL = 0;
				GCC_PREPROCESSOR_DEFINITIONS = (
					"DEBUG=1",
					"$(inherited)",
				);
				GCC_WARN_64_TO_32_BIT_CONVERSION = YES;
				GCC_WARN_ABOUT_RETURN_TYPE = YES_ERROR;
				GCC_WARN_UNDECLARED_SELECTOR = YES;
				GCC_WARN_UNINITIALIZED_AUTOS = YES_AGGRESSIVE;
				GCC_WARN_UNUSED_FUNCTION = YES;
				GCC_WARN_UNUSED_VARIABLE = YES;
				IPHONEOS_DEPLOYMENT_TARGET = 13.4;
				MTL_ENABLE_DEBUG_INFO = INCLUDE_SOURCE;
				MTL_FAST_MATH = YES;
				ONLY_ACTIVE_ARCH = YES;
				SDKROOT = iphoneos;
				SWIFT_ACTIVE_COMPILATION_CONDITIONS = DEBUG;
				SWIFT_OPTIMIZATION_LEVEL = "-Onone";
			};
			name = Debug;
		};
		493A56A52480DBA1005983E1 /* Release */ = {
			isa = XCBuildConfiguration;
			buildSettings = {
				ALWAYS_SEARCH_USER_PATHS = NO;
				CLANG_ANALYZER_NONNULL = YES;
				CLANG_ANALYZER_NUMBER_OBJECT_CONVERSION = YES_AGGRESSIVE;
				CLANG_CXX_LANGUAGE_STANDARD = "gnu++14";
				CLANG_CXX_LIBRARY = "libc++";
				CLANG_ENABLE_MODULES = YES;
				CLANG_ENABLE_OBJC_ARC = YES;
				CLANG_ENABLE_OBJC_WEAK = YES;
				CLANG_WARN_BLOCK_CAPTURE_AUTORELEASING = YES;
				CLANG_WARN_BOOL_CONVERSION = YES;
				CLANG_WARN_COMMA = YES;
				CLANG_WARN_CONSTANT_CONVERSION = YES;
				CLANG_WARN_DEPRECATED_OBJC_IMPLEMENTATIONS = YES;
				CLANG_WARN_DIRECT_OBJC_ISA_USAGE = YES_ERROR;
				CLANG_WARN_DOCUMENTATION_COMMENTS = YES;
				CLANG_WARN_EMPTY_BODY = YES;
				CLANG_WARN_ENUM_CONVERSION = YES;
				CLANG_WARN_INFINITE_RECURSION = YES;
				CLANG_WARN_INT_CONVERSION = YES;
				CLANG_WARN_NON_LITERAL_NULL_CONVERSION = YES;
				CLANG_WARN_OBJC_IMPLICIT_RETAIN_SELF = YES;
				CLANG_WARN_OBJC_LITERAL_CONVERSION = YES;
				CLANG_WARN_OBJC_ROOT_CLASS = YES_ERROR;
				CLANG_WARN_RANGE_LOOP_ANALYSIS = YES;
				CLANG_WARN_STRICT_PROTOTYPES = YES;
				CLANG_WARN_SUSPICIOUS_MOVE = YES;
				CLANG_WARN_UNGUARDED_AVAILABILITY = YES_AGGRESSIVE;
				CLANG_WARN_UNREACHABLE_CODE = YES;
				CLANG_WARN__DUPLICATE_METHOD_MATCH = YES;
				COPY_PHASE_STRIP = NO;
				DEBUG_INFORMATION_FORMAT = "dwarf-with-dsym";
				ENABLE_NS_ASSERTIONS = NO;
				ENABLE_STRICT_OBJC_MSGSEND = YES;
				GCC_C_LANGUAGE_STANDARD = gnu11;
				GCC_NO_COMMON_BLOCKS = YES;
				GCC_WARN_64_TO_32_BIT_CONVERSION = YES;
				GCC_WARN_ABOUT_RETURN_TYPE = YES_ERROR;
				GCC_WARN_UNDECLARED_SELECTOR = YES;
				GCC_WARN_UNINITIALIZED_AUTOS = YES_AGGRESSIVE;
				GCC_WARN_UNUSED_FUNCTION = YES;
				GCC_WARN_UNUSED_VARIABLE = YES;
				IPHONEOS_DEPLOYMENT_TARGET = 13.4;
				MTL_ENABLE_DEBUG_INFO = NO;
				MTL_FAST_MATH = YES;
				SDKROOT = iphoneos;
				SWIFT_COMPILATION_MODE = wholemodule;
				SWIFT_OPTIMIZATION_LEVEL = "-O";
				VALIDATE_PRODUCT = YES;
			};
			name = Release;
		};
		493A56A72480DBA1005983E1 /* Debug */ = {
			isa = XCBuildConfiguration;
			baseConfigurationReference = 7DEEB37D560183658B33ECBB /* Pods-SendTreePay.debug.xcconfig */;
			buildSettings = {
				ASSETCATALOG_COMPILER_APPICON_NAME = AppIcon;
				CODE_SIGN_STYLE = Automatic;
				DEVELOPMENT_TEAM = 2W4XUH8LUQ;
				INFOPLIST_FILE = "SendTreePay/Supporting Files/Plists/Info.plist";
				LD_RUNPATH_SEARCH_PATHS = (
					"$(inherited)",
					"@executable_path/Frameworks",
				);
				PRODUCT_BUNDLE_IDENTIFIER = com.gannasong.SendTreePay;
				PRODUCT_NAME = "$(TARGET_NAME)";
				SWIFT_VERSION = 5.0;
				TARGETED_DEVICE_FAMILY = "1,2";
			};
			name = Debug;
		};
		493A56A82480DBA1005983E1 /* Release */ = {
			isa = XCBuildConfiguration;
			baseConfigurationReference = E09E1AC7431F547542CEF882 /* Pods-SendTreePay.release.xcconfig */;
			buildSettings = {
				ASSETCATALOG_COMPILER_APPICON_NAME = AppIcon;
				CODE_SIGN_STYLE = Automatic;
				DEVELOPMENT_TEAM = 2W4XUH8LUQ;
				INFOPLIST_FILE = "SendTreePay/Supporting Files/Plists/Info.plist";
				LD_RUNPATH_SEARCH_PATHS = (
					"$(inherited)",
					"@executable_path/Frameworks",
				);
				PRODUCT_BUNDLE_IDENTIFIER = com.gannasong.SendTreePay;
				PRODUCT_NAME = "$(TARGET_NAME)";
				SWIFT_VERSION = 5.0;
				TARGETED_DEVICE_FAMILY = "1,2";
			};
			name = Release;
		};
		493A56AA2480DBA1005983E1 /* Debug */ = {
			isa = XCBuildConfiguration;
			baseConfigurationReference = C1D1ADFE1A6A817B39C3A799 /* Pods-SendTreePayTests.debug.xcconfig */;
			buildSettings = {
				ALWAYS_EMBED_SWIFT_STANDARD_LIBRARIES = YES;
				BUNDLE_LOADER = "$(TEST_HOST)";
				CODE_SIGN_STYLE = Automatic;
				DEVELOPMENT_TEAM = 2W4XUH8LUQ;
				INFOPLIST_FILE = SendTreePayTests/Info.plist;
				IPHONEOS_DEPLOYMENT_TARGET = 13.4;
				LD_RUNPATH_SEARCH_PATHS = (
					"$(inherited)",
					"@executable_path/Frameworks",
					"@loader_path/Frameworks",
				);
				PRODUCT_BUNDLE_IDENTIFIER = com.gannasong.SendTreePayTests;
				PRODUCT_NAME = "$(TARGET_NAME)";
				SWIFT_VERSION = 5.0;
				TARGETED_DEVICE_FAMILY = "1,2";
				TEST_HOST = "$(BUILT_PRODUCTS_DIR)/SendTreePay.app/SendTreePay";
			};
			name = Debug;
		};
		493A56AB2480DBA1005983E1 /* Release */ = {
			isa = XCBuildConfiguration;
			baseConfigurationReference = 57C14EE0B546D3CE4DF57B04 /* Pods-SendTreePayTests.release.xcconfig */;
			buildSettings = {
				ALWAYS_EMBED_SWIFT_STANDARD_LIBRARIES = YES;
				BUNDLE_LOADER = "$(TEST_HOST)";
				CODE_SIGN_STYLE = Automatic;
				DEVELOPMENT_TEAM = 2W4XUH8LUQ;
				INFOPLIST_FILE = SendTreePayTests/Info.plist;
				IPHONEOS_DEPLOYMENT_TARGET = 13.4;
				LD_RUNPATH_SEARCH_PATHS = (
					"$(inherited)",
					"@executable_path/Frameworks",
					"@loader_path/Frameworks",
				);
				PRODUCT_BUNDLE_IDENTIFIER = com.gannasong.SendTreePayTests;
				PRODUCT_NAME = "$(TARGET_NAME)";
				SWIFT_VERSION = 5.0;
				TARGETED_DEVICE_FAMILY = "1,2";
				TEST_HOST = "$(BUILT_PRODUCTS_DIR)/SendTreePay.app/SendTreePay";
			};
			name = Release;
		};
/* End XCBuildConfiguration section */

/* Begin XCConfigurationList section */
		493A56822480DB9E005983E1 /* Build configuration list for PBXProject "SendTreePay" */ = {
			isa = XCConfigurationList;
			buildConfigurations = (
				493A56A42480DBA1005983E1 /* Debug */,
				493A56A52480DBA1005983E1 /* Release */,
			);
			defaultConfigurationIsVisible = 0;
			defaultConfigurationName = Release;
		};
		493A56A62480DBA1005983E1 /* Build configuration list for PBXNativeTarget "SendTreePay" */ = {
			isa = XCConfigurationList;
			buildConfigurations = (
				493A56A72480DBA1005983E1 /* Debug */,
				493A56A82480DBA1005983E1 /* Release */,
			);
			defaultConfigurationIsVisible = 0;
			defaultConfigurationName = Release;
		};
		493A56A92480DBA1005983E1 /* Build configuration list for PBXNativeTarget "SendTreePayTests" */ = {
			isa = XCConfigurationList;
			buildConfigurations = (
				493A56AA2480DBA1005983E1 /* Debug */,
				493A56AB2480DBA1005983E1 /* Release */,
			);
			defaultConfigurationIsVisible = 0;
			defaultConfigurationName = Release;
		};
/* End XCConfigurationList section */
	};
	rootObject = 493A567F2480DB9E005983E1 /* Project object */;
}
